PODS:
  - Flutter (1.0.0)
  - ObjectBox (2.0.0)
  - objectbox_flutter_libs (0.0.1):
    - Flutter
    - ObjectBox (= 2.0.0)
  - path_provider_foundation (0.0.1):
    - Flutter
    - FlutterMacOS

DEPENDENCIES:
  - Flutter (from `Flutter`)
  - objectbox_flutter_libs (from `.symlinks/plugins/objectbox_flutter_libs/ios`)
  - path_provider_foundation (from `.symlinks/plugins/path_provider_foundation/darwin`)

SPEC REPOS:
  trunk:
    - ObjectBox

EXTERNAL SOURCES:
  Flutter:
    :path: Flutter
  objectbox_flutter_libs:
    :path: ".symlinks/plugins/objectbox_flutter_libs/ios"
  path_provider_foundation:
    :path: ".symlinks/plugins/path_provider_foundation/darwin"

SPEC CHECKSUMS:
  Flutter: e0871f40cf51350855a761d2e70bf5af5b9b5de7
  ObjectBox: f5319bd9ad2ea960796eff7227e86471867e9ef0
  objectbox_flutter_libs: c7748f6c6fda47d22f15c8062fb8208063fd948a
  path_provider_foundation: 2b6b4c569c0fb62ec74538f866245ac84301af46

PODFILE CHECKSUM: 819463e6a0290f5a72f145ba7cde16e8b6ef0796

COCOAPODS: 1.15.2
